# THIS IS AN AUTOGENERATED FILE. DO NOT EDIT THIS FILE DIRECTLY.
# yarn lockfile v1


create-next-app@^11.0.1:
  version "11.0.1"
  resolved "https://registry.yarnpkg.com/create-next-app/-/create-next-app-11.0.1.tgz#87517e15505e724495d768b6a6392bc1205a367c"
  integrity sha512-ogUQXVz7YRvfXA0QEXpjlhBe9CJoSLtuGiV7Cxkz+UbcZhPMYiIje/taW4N4kyXMwJzOznRYn62Ue/Y8ECEjsg==
